
Microsoft Visual Studio Solution File, Format Version 12.00
# Visual Studio Version 17
VisualStudioVersion = 17.13.35731.43 d17.13
MinimumVisualStudioVersion = 10.0.40219.1
Project("{FAE04EC0-301F-11D3-BF4B-00C04F79EFBC}") = "ServiceDeskDesktop", "ServiceDeskDesktop\ServiceDeskDesktop.csproj", "{520DA40D-442F-4E36-B466-17AE317EE5A1}"
EndProject
Global
	GlobalSection(SolutionConfigurationPlatforms) = preSolution
		Debug|Any CPU = Debug|Any CPU
		Release|Any CPU = Release|Any CPU
	EndGlobalSection
	GlobalSection(ProjectConfigurationPlatforms) = postSolution
		{520DA40D-442F-4E36-B466-17AE317EE5A1}.Debug|Any CPU.ActiveCfg = Debug|Any CPU
		{520DA40D-442F-4E36-B466-17AE317EE5A1}.Debug|Any CPU.Build.0 = Debug|Any CPU
		{520DA40D-442F-4E36-B466-17AE317EE5A1}.Release|Any CPU.ActiveCfg = Release|Any CPU
		{520DA40D-442F-4E36-B466-17AE317EE5A1}.Release|Any CPU.Build.0 = Release|Any CPU
	EndGlobalSection
	GlobalSection(SolutionProperties) = preSolution
		HideSolutionNode = FALSE
	EndGlobalSection
	GlobalSection(ExtensibilityGlobals) = postSolution
		SolutionGuid = {34B32F7D-50BF-4EA0-9C5E-F5C2BA7C8D64}
	EndGlobalSection
EndGlobal
